// !$*UTF8*$!
{
	archiveVersion = 1;
	classes = {
	};
	objectVersion = 48;
	objects = {

/* Begin PBXBuildFile section */
		2A131ED0C18E2A41D860A02F /* Pods_CountryPicker.framework in Frameworks */ = {isa = PBXBuildFile; fileRef = C60EB38D76FB1FFB6D69074D /* Pods_CountryPicker.framework */; };
		D94614562011CEC6002C7D92 /* AppDelegate.swift in Sources */ = {isa = PBXBuildFile; fileRef = D94614552011CEC6002C7D92 /* AppDelegate.swift */; };
		D94614582011CEC6002C7D92 /* ViewController.swift in Sources */ = {isa = PBXBuildFile; fileRef = D94614572011CEC6002C7D92 /* ViewController.swift */; };
		D946145B2011CEC6002C7D92 /* Main.storyboard in Resources */ = {isa = PBXBuildFile; fileRef = D94614592011CEC6002C7D92 /* Main.storyboard */; };
		D946145D2011CEC6002C7D92 /* Assets.xcassets in Resources */ = {isa = PBXBuildFile; fileRef = D946145C2011CEC6002C7D92 /* Assets.xcassets */; };
		D94614602011CEC6002C7D92 /* LaunchScreen.storyboard in Resources */ = {isa = PBXBuildFile; fileRef = D946145E2011CEC6002C7D92 /* LaunchScreen.storyboard */; };
/* End PBXBuildFile section */

/* Begin PBXFileReference section */
		7642CD341028065A8CAA9BEB /* Pods-CountryPicker.debug.xcconfig */ = {isa = PBXFileReference; includeInIndex = 1; lastKnownFileType = text.xcconfig; name = "Pods-CountryPicker.debug.xcconfig"; path = "Pods/Target Support Files/Pods-CountryPicker/Pods-CountryPicker.debug.xcconfig"; sourceTree = "<group>"; };
		C60EB38D76FB1FFB6D69074D /* Pods_CountryPicker.framework */ = {isa = PBXFileReference; explicitFileType = wrapper.framework; includeInIndex = 0; path = Pods_CountryPicker.framework; sourceTree = BUILT_PRODUCTS_DIR; };
		CD28B503CB9FA91EB3B52C48 /* Pods-CountryPicker.release.xcconfig */ = {isa = PBXFileReference; includeInIndex = 1; lastKnownFileType = text.xcconfig; name = "Pods-CountryPicker.release.xcconfig"; path = "Pods/Target Support Files/Pods-CountryPicker/Pods-CountryPicker.release.xcconfig"; sourceTree = "<group>"; };
		D94614522011CEC6002C7D92 /* CountryPicker.app */ = {isa = PBXFileReference; explicitFileType = wrapper.application; includeInIndex = 0; path = CountryPicker.app; sourceTree = BUILT_PRODUCTS_DIR; };
		D94614552011CEC6002C7D92 /* AppDelegate.swift */ = {isa = PBXFileReference; lastKnownFileType = sourcecode.swift; path = AppDelegate.swift; sourceTree = "<group>"; };
		D94614572011CEC6002C7D92 /* ViewController.swift */ = {isa = PBXFileReference; lastKnownFileType = sourcecode.swift; path = ViewController.swift; sourceTree = "<group>"; };
		D946145A2011CEC6002C7D92 /* Base */ = {isa = PBXFileReference; lastKnownFileType = file.storyboard; name = Base; path = Base.lproj/Main.storyboard; sourceTree = "<group>"; };
		D946145C2011CEC6002C7D92 /* Assets.xcassets */ = {isa = PBXFileReference; lastKnownFileType = folder.assetcatalog; path = Assets.xcassets; sourceTree = "<group>"; };
		D946145F2011CEC6002C7D92 /* Base */ = {isa = PBXFileReference; lastKnownFileType = file.storyboard; name = Base; path = Base.lproj/LaunchScreen.storyboard; sourceTree = "<group>"; };
		D94614612011CEC6002C7D92 /* Info.plist */ = {isa = PBXFileReference; lastKnownFileType = text.plist.xml; path = Info.plist; sourceTree = "<group>"; };
/* End PBXFileReference section */

/* Begin PBXFrameworksBuildPhase section */
		D946144F2011CEC6002C7D92 /* Frameworks */ = {
			isa = PBXFrameworksBuildPhase;
			buildActionMask = 2147483647;
			files = (
				2A131ED0C18E2A41D860A02F /* Pods_CountryPicker.framework in Frameworks */,
			);
			runOnlyForDeploymentPostprocessing = 0;
		};
/* End PBXFrameworksBuildPhase section */

/* Begin PBXGroup section */
		434EC442B3DC311F0DF3CA62 /* Frameworks */ = {
			isa = PBXGroup;
			children = (
				C60EB38D76FB1FFB6D69074D /* Pods_CountryPicker.framework */,
			);
			name = Frameworks;
			sourceTree = "<group>";
		};
		68079F59CAADF7CE179E74E6 /* Pods */ = {
			isa = PBXGroup;
			children = (
				7642CD341028065A8CAA9BEB /* Pods-CountryPicker.debug.xcconfig */,
				CD28B503CB9FA91EB3B52C48 /* Pods-CountryPicker.release.xcconfig */,
			);
			name = Pods;
			sourceTree = "<group>";
		};
		D94614492011CEC6002C7D92 = {
			isa = PBXGroup;
			children = (
				D94614542011CEC6002C7D92 /* CountryPicker */,
				D94614532011CEC6002C7D92 /* Products */,
				68079F59CAADF7CE179E74E6 /* Pods */,
				434EC442B3DC311F0DF3CA62 /* Frameworks */,
			);
			sourceTree = "<group>";
		};
		D94614532011CEC6002C7D92 /* Products */ = {
			isa = PBXGroup;
			children = (
				D94614522011CEC6002C7D92 /* CountryPicker.app */,
			);
			name = Products;
			sourceTree = "<group>";
		};
		D94614542011CEC6002C7D92 /* CountryPicker */ = {
			isa = PBXGroup;
			children = (
				D94614552011CEC6002C7D92 /* AppDelegate.swift */,
				D94614572011CEC6002C7D92 /* ViewController.swift */,
				D94614592011CEC6002C7D92 /* Main.storyboard */,
				D946145C2011CEC6002C7D92 /* Assets.xcassets */,
				D946145E2011CEC6002C7D92 /* LaunchScreen.storyboard */,
				D94614612011CEC6002C7D92 /* Info.plist */,
			);
			path = CountryPicker;
			sourceTree = "<group>";
		};
/* End PBXGroup section */

/* Begin PBXNativeTarget section */
		D94614512011CEC6002C7D92 /* CountryPicker */ = {
			isa = PBXNativeTarget;
			buildConfigurationList = D94614642011CEC6002C7D92 /* Build configuration list for PBXNativeTarget "CountryPicker" */;
			buildPhases = (
				DEA1F76A1174DF637310E5F3 /* [CP] Check Pods Manifest.lock */,
				D946144E2011CEC6002C7D92 /* Sources */,
				D946144F2011CEC6002C7D92 /* Frameworks */,
				D94614502011CEC6002C7D92 /* Resources */,
				C5C7681BA5AAE0D63A4BA694 /* [CP] Embed Pods Frameworks */,
				0E109F46905AF6C4AA3BB818 /* [CP] Copy Pods Resources */,
			);
			buildRules = (
			);
			dependencies = (
			);
			name = CountryPicker;
			productName = CountryPicker;
			productReference = D94614522011CEC6002C7D92 /* CountryPicker.app */;
			productType = "com.apple.product-type.application";
		};
/* End PBXNativeTarget section */

/* Begin PBXProject section */
		D946144A2011CEC6002C7D92 /* Project object */ = {
			isa = PBXProject;
			attributes = {
				LastSwiftUpdateCheck = 0920;
				LastUpgradeCheck = 0920;
				ORGANIZATIONNAME = Ruah;
				TargetAttributes = {
					D94614512011CEC6002C7D92 = {
						CreatedOnToolsVersion = 9.2;
						ProvisioningStyle = Automatic;
					};
				};
			};
			buildConfigurationList = D946144D2011CEC6002C7D92 /* Build configuration list for PBXProject "CountryPicker" */;
			compatibilityVersion = "Xcode 8.0";
			developmentRegion = en;
			hasScannedForEncodings = 0;
			knownRegions = (
				en,
				Base,
			);
			mainGroup = D94614492011CEC6002C7D92;
			productRefGroup = D94614532011CEC6002C7D92 /* Products */;
			projectDirPath = "";
			projectRoot = "";
			targets = (
				D94614512011CEC6002C7D92 /* CountryPicker */,
			);
		};
/* End PBXProject section */

/* Begin PBXResourcesBuildPhase section */
		D94614502011CEC6002C7D92 /* Resources */ = {
			isa = PBXResourcesBuildPhase;
			buildActionMask = 2147483647;
			files = (
				D94614602011CEC6002C7D92 /* LaunchScreen.storyboard in Resources */,
				D946145D2011CEC6002C7D92 /* Assets.xcassets in Resources */,
				D946145B2011CEC6002C7D92 /* Main.storyboard in Resources */,
			);
			runOnlyForDeploymentPostprocessing = 0;
		};
/* End PBXResourcesBuildPhase section */

/* Begin PBXShellScriptBuildPhase section */
		0E109F46905AF6C4AA3BB818 /* [CP] Copy Pods Resources */ = {
			isa = PBXShellScriptBuildPhase;
			buildActionMask = 2147483647;
			files = (
			);
			inputPaths = (
			);
			name = "[CP] Copy Pods Resources";
			outputPaths = (
			);
			runOnlyForDeploymentPostprocessing = 0;
			shellPath = /bin/sh;
			shellScript = "\"${SRCROOT}/Pods/Target Support Files/Pods-CountryPicker/Pods-CountryPicker-resources.sh\"\n";
			showEnvVarsInLog = 0;
		};
		C5C7681BA5AAE0D63A4BA694 /* [CP] Embed Pods Frameworks */ = {
			isa = PBXShellScriptBuildPhase;
			buildActionMask = 2147483647;
			files = (
			);
			inputPaths = (
				"${SRCROOT}/Pods/Target Support Files/Pods-CountryPicker/Pods-CountryPicker-frameworks.sh",
				"${BUILT_PRODUCTS_DIR}/CountryPickerView/CountryPickerView.framework",
			);
			name = "[CP] Embed Pods Frameworks";
			outputPaths = (
				"${TARGET_BUILD_DIR}/${FRAMEWORKS_FOLDER_PATH}/CountryPickerView.framework",
			);
			runOnlyForDeploymentPostprocessing = 0;
			shellPath = /bin/sh;
			shellScript = "\"${SRCROOT}/Pods/Target Support Files/Pods-CountryPicker/Pods-CountryPicker-frameworks.sh\"\n";
			showEnvVarsInLog = 0;
		};
		DEA1F76A1174DF637310E5F3 /* [CP] Check Pods Manifest.lock */ = {
			isa = PBXShellScriptBuildPhase;
			buildActionMask = 2147483647;
			files = (
			);
			inputPaths = (
				"${PODS_PODFILE_DIR_PATH}/Podfile.lock",
				"${PODS_ROOT}/Manifest.lock",
			);
			name = "[CP] Check Pods Manifest.lock";
			outputPaths = (
				"$(DERIVED_FILE_DIR)/Pods-CountryPicker-checkManifestLockResult.txt",
			);
			runOnlyForDeploymentPostprocessing = 0;
			shellPath = /bin/sh;
			shellScript = "diff \"${PODS_PODFILE_DIR_PATH}/Podfile.lock\" \"${PODS_ROOT}/Manifest.lock\" > /dev/null\nif [ $? != 0 ] ; then\n    # print error to STDERR\n    echo \"error: The sandbox is not in sync with the Podfile.lock. Run 'pod install' or update your CocoaPods installation.\" >&2\n    exit 1\nfi\n# This output is used by Xcode 'outputs' to avoid re-running this script phase.\necho \"SUCCESS\" > \"${SCRIPT_OUTPUT_FILE_0}\"\n";
			showEnvVarsInLog = 0;
		};
/* End PBXShellScriptBuildPhase section */

/* Begin PBXSourcesBuildPhase section */
		D946144E2011CEC6002C7D92 /* Sources */ = {
			isa = PBXSourcesBuildPhase;
			buildActionMask = 2147483647;
			files = (
				D94614582011CEC6002C7D92 /* ViewController.swift in Sources */,
				D94614562011CEC6002C7D92 /* AppDelegate.swift in Sources */,
			);
			runOnlyForDeploymentPostprocessing = 0;
		};
/* End PBXSourcesBuildPhase section */

/* Begin PBXVariantGroup section */
		D94614592011CEC6002C7D92 /* Main.storyboard */ = {
			isa = PBXVariantGroup;
			children = (
				D946145A2011CEC6002C7D92 /* Base */,
			);
			name = Main.storyboard;
			sourceTree = "<group>";
		};
		D946145E2011CEC6002C7D92 /* LaunchScreen.storyboard */ = {
			isa = PBXVariantGroup;
			children = (
				D946145F2011CEC6002C7D92 /* Base */,
			);
			name = LaunchScreen.storyboard;
			sourceTree = "<group>";
		};
/* End PBXVariantGroup section */

/* Begin XCBuildConfiguration section */
		D94614622011CEC6002C7D92 /* Debug */ = {
			isa = XCBuildConfiguration;
			buildSettings = {
				ALWAYS_SEARCH_USER_PATHS = NO;
				CLANG_ANALYZER_NONNULL = YES;
				CLANG_ANALYZER_NUMBER_OBJECT_CONVERSION = YES_AGGRESSIVE;
				CLANG_CXX_LANGUAGE_STANDARD = "gnu++14";
				CLANG_CXX_LIBRARY = "libc++";
				CLANG_ENABLE_MODULES = YES;
				CLANG_ENABLE_OBJC_ARC = YES;
				CLANG_WARN_BLOCK_CAPTURE_AUTORELEASING = YES;
				CLANG_WARN_BOOL_CONVERSION = YES;
				CLANG_WARN_COMMA = YES;
				CLANG_WARN_CONSTANT_CONVERSION = YES;
				CLANG_WARN_DIRECT_OBJC_ISA_USAGE = YES_ERROR;
				CLANG_WARN_DOCUMENTATION_COMMENTS = YES;
				CLANG_WARN_EMPTY_BODY = YES;
				CLANG_WARN_ENUM_CONVERSION = YES;
				CLANG_WARN_INFINITE_RECURSION = YES;
				CLANG_WARN_INT_CONVERSION = YES;
				CLANG_WARN_NON_LITERAL_NULL_CONVERSION = YES;
				CLANG_WARN_OBJC_LITERAL_CONVERSION = YES;
				CLANG_WARN_OBJC_ROOT_CLASS = YES_ERROR;
				CLANG_WARN_RANGE_LOOP_ANALYSIS = YES;
				CLANG_WARN_STRICT_PROTOTYPES = YES;
				CLANG_WARN_SUSPICIOUS_MOVE = YES;
				CLANG_WARN_UNGUARDED_AVAILABILITY = YES_AGGRESSIVE;
				CLANG_WARN_UNREACHABLE_CODE = YES;
				CLANG_WARN__DUPLICATE_METHOD_MATCH = YES;
				CODE_SIGN_IDENTITY = "iPhone Developer";
				COPY_PHASE_STRIP = NO;
				DEBUG_INFORMATION_FORMAT = dwarf;
				ENABLE_STRICT_OBJC_MSGSEND = YES;
				ENABLE_TESTABILITY = YES;
				GCC_C_LANGUAGE_STANDARD = gnu11;
				GCC_DYNAMIC_NO_PIC = NO;
				GCC_NO_COMMON_BLOCKS = YES;
				GCC_OPTIMIZATION_LEVEL = 0;
				GCC_PREPROCESSOR_DEFINITIONS = (
					"DEBUG=1",
					"$(inherited)",
				);
				GCC_WARN_64_TO_32_BIT_CONVERSION = YES;
				GCC_WARN_ABOUT_RETURN_TYPE = YES_ERROR;
				GCC_WARN_UNDECLARED_SELECTOR = YES;
				GCC_WARN_UNINITIALIZED_AUTOS = YES_AGGRESSIVE;
				GCC_WARN_UNUSED_FUNCTION = YES;
				GCC_WARN_UNUSED_VARIABLE = YES;
				IPHONEOS_DEPLOYMENT_TARGET = 11.2;
				MTL_ENABLE_DEBUG_INFO = YES;
				ONLY_ACTIVE_ARCH = YES;
				SDKROOT = iphoneos;
				SWIFT_ACTIVE_COMPILATION_CONDITIONS = DEBUG;
				SWIFT_OPTIMIZATION_LEVEL = "-Onone";
			};
			name = Debug;
		};
		D94614632011CEC6002C7D92 /* Release */ = {
			isa = XCBuildConfiguration;
			buildSettings = {
				ALWAYS_SEARCH_USER_PATHS = NO;
				CLANG_ANALYZER_NONNULL = YES;
				CLANG_ANALYZER_NUMBER_OBJECT_CONVERSION = YES_AGGRESSIVE;
				CLANG_CXX_LANGUAGE_STANDARD = "gnu++14";
				CLANG_CXX_LIBRARY = "libc++";
				CLANG_ENABLE_MODULES = YES;
				CLANG_ENABLE_OBJC_ARC = YES;
				CLANG_WARN_BLOCK_CAPTURE_AUTORELEASING = YES;
				CLANG_WARN_BOOL_CONVERSION = YES;
				CLANG_WARN_COMMA = YES;
				CLANG_WARN_CONSTANT_CONVERSION = YES;
				CLANG_WARN_DIRECT_OBJC_ISA_USAGE = YES_ERROR;
				CLANG_WARN_DOCUMENTATION_COMMENTS = YES;
				CLANG_WARN_EMPTY_BODY = YES;
				CLANG_WARN_ENUM_CONVERSION = YES;
				CLANG_WARN_INFINITE_RECURSION = YES;
				CLANG_WARN_INT_CONVERSION = YES;
				CLANG_WARN_NON_LITERAL_NULL_CONVERSION = YES;
				CLANG_WARN_OBJC_LITERAL_CONVERSION = YES;
				CLANG_WARN_OBJC_ROOT_CLASS = YES_ERROR;
				CLANG_WARN_RANGE_LOOP_ANALYSIS = YES;
				CLANG_WARN_STRICT_PROTOTYPES = YES;
				CLANG_WARN_SUSPICIOUS_MOVE = YES;
				CLANG_WARN_UNGUARDED_AVAILABILITY = YES_AGGRESSIVE;
				CLANG_WARN_UNREACHABLE_CODE = YES;
				CLANG_WARN__DUPLICATE_METHOD_MATCH = YES;
				CODE_SIGN_IDENTITY = "iPhone Developer";
				COPY_PHASE_STRIP = NO;
				DEBUG_INFORMATION_FORMAT = "dwarf-with-dsym";
				ENABLE_NS_ASSERTIONS = NO;
				ENABLE_STRICT_OBJC_MSGSEND = YES;
				GCC_C_LANGUAGE_STANDARD = gnu11;
				GCC_NO_COMMON_BLOCKS = YES;
				GCC_WARN_64_TO_32_BIT_CONVERSION = YES;
				GCC_WARN_ABOUT_RETURN_TYPE = YES_ERROR;
				GCC_WARN_UNDECLARED_SELECTOR = YES;
				GCC_WARN_UNINITIALIZED_AUTOS = YES_AGGRESSIVE;
				GCC_WARN_UNUSED_FUNCTION = YES;
				GCC_WARN_UNUSED_VARIABLE = YES;
				IPHONEOS_DEPLOYMENT_TARGET = 11.2;
				MTL_ENABLE_DEBUG_INFO = NO;
				SDKROOT = iphoneos;
				SWIFT_OPTIMIZATION_LEVEL = "-Owholemodule";
				VALIDATE_PRODUCT = YES;
			};
			name = Release;
		};
		D94614652011CEC6002C7D92 /* Debug */ = {
			isa = XCBuildConfiguration;
			baseConfigurationReference = 7642CD341028065A8CAA9BEB /* Pods-CountryPicker.debug.xcconfig */;
			buildSettings = {
				ASSETCATALOG_COMPILER_APPICON_NAME = AppIcon;
				CODE_SIGN_STYLE = Automatic;
				DEVELOPMENT_TEAM = 74AR98PLBD;
				INFOPLIST_FILE = CountryPicker/Info.plist;
				LD_RUNPATH_SEARCH_PATHS = "$(inherited) @executable_path/Frameworks";
				PRODUCT_BUNDLE_IDENTIFIER = com.ruah.CountryPicker;
				PRODUCT_NAME = "$(TARGET_NAME)";
				SWIFT_VERSION = 4.0;
				TARGETED_DEVICE_FAMILY = "1,2";
			};
			name = Debug;
		};
		D94614662011CEC6002C7D92 /* Release */ = {
			isa = XCBuildConfiguration;
			baseConfigurationReference = CD28B503CB9FA91EB3B52C48 /* Pods-CountryPicker.release.xcconfig */;
			buildSettings = {
				ASSETCATALOG_COMPILER_APPICON_NAME = AppIcon;
				CODE_SIGN_STYLE = Automatic;
				DEVELOPMENT_TEAM = 74AR98PLBD;
				INFOPLIST_FILE = CountryPicker/Info.plist;
				LD_RUNPATH_SEARCH_PATHS = "$(inherited) @executable_path/Frameworks";
				PRODUCT_BUNDLE_IDENTIFIER = com.ruah.CountryPicker;
				PRODUCT_NAME = "$(TARGET_NAME)";
				SWIFT_VERSION = 4.0;
				TARGETED_DEVICE_FAMILY = "1,2";
			};
			name = Release;
		};
/* End XCBuildConfiguration section */

/* Begin XCConfigurationList section */
		D946144D2011CEC6002C7D92 /* Build configuration list for PBXProject "CountryPicker" */ = {
			isa = XCConfigurationList;
			buildConfigurations = (
				D94614622011CEC6002C7D92 /* Debug */,
				D94614632011CEC6002C7D92 /* Release */,
			);
			defaultConfigurationIsVisible = 0;
			defaultConfigurationName = Release;
		};
		D94614642011CEC6002C7D92 /* Build configuration list for PBXNativeTarget "CountryPicker" */ = {
			isa = XCConfigurationList;
			buildConfigurations = (
				D94614652011CEC6002C7D92 /* Debug */,
				D94614662011CEC6002C7D92 /* Release */,
			);
			defaultConfigurationIsVisible = 0;
			defaultConfigurationName = Release;
		};
/* End XCConfigurationList section */
	};
	rootObject = D946144A2011CEC6002C7D92 /* Project object */;
}
